{
  "originHash" : "0a1149e7f6c4e6e9cd3bcf32614cbf8227ff9811986dabe4f4d24877b90e7d79",
  "pins" : [
    {
      "identity" : "swift-syntax",
      "kind" : "remoteSourceControl",
      "location" : "https://github.com/swiftlang/swift-syntax.git",
      "state" : {
        "revision" : "050f1a346fbbac0ca2cfb15a95274f7bd1cf0ccf",
        "version" : "604.0.0"
      }
    }
  ],
  "version" : 3
}
